
Microsoft Visual Studio Solution File, Format Version 12.00
# Visual Studio Version 16
VisualStudioVersion = 16.0.31702.278
MinimumVisualStudioVersion = 10.0.40219.1
Project("{9A19103F-16F7-4668-BE54-9A1E7A4F7556}") = "UI", "UI\UI.csproj", "{613FD5C2-74AA-44C1-A829-8D41D25DD2DE}"
EndProject
Global
	GlobalSection(SolutionConfigurationPlatforms) = preSolution
		Debug|Any CPU = Debug|Any CPU
		Release|Any CPU = Release|Any CPU
	EndGlobalSection
	GlobalSection(ProjectConfigurationPlatforms) = postSolution
		{613FD5C2-74AA-44C1-A829-8D41D25DD2DE}.Debug|Any CPU.ActiveCfg = Debug|Any CPU
		{613FD5C2-74AA-44C1-A829-8D41D25DD2DE}.Debug|Any CPU.Build.0 = Debug|Any CPU
		{613FD5C2-74AA-44C1-A829-8D41D25DD2DE}.Release|Any CPU.ActiveCfg = Release|Any CPU
		{613FD5C2-74AA-44C1-A829-8D41D25DD2DE}.Release|Any CPU.Build.0 = Release|Any CPU
	EndGlobalSection
	GlobalSection(SolutionProperties) = preSolution
		HideSolutionNode = FALSE
	EndGlobalSection
	GlobalSection(ExtensibilityGlobals) = postSolution
		SolutionGuid = {8FD66069-E1F6-48A3-8773-05820B49BB81}
	EndGlobalSection
EndGlobal
